
Microsoft Visual Studio Solution File, Format Version 12.00
# Visual Studio 14
VisualStudioVersion = 14.0.25123.0
MinimumVisualStudioVersion = 10.0.40219.1
Project("{FAE04EC0-301F-11D3-BF4B-00C04F79EFBC}") = "ProyectoA", "ProyectoA\ProyectoA.csproj", "{AB0F9A9C-8CD2-4CD9-BAAC-221FA6B40781}"
EndProject
Project("{FAE04EC0-301F-11D3-BF4B-00C04F79EFBC}") = "ProyectoAtest", "UnitTestProject1\ProyectoAtest.csproj", "{E78DA10A-D2EF-4944-BB25-25527B783CD4}"
EndProject
Global
	GlobalSection(SolutionConfigurationPlatforms) = preSolution
		Debug|Any CPU = Debug|Any CPU
		Release|Any CPU = Release|Any CPU
	EndGlobalSection
	GlobalSection(ProjectConfigurationPlatforms) = postSolution
		{AB0F9A9C-8CD2-4CD9-BAAC-221FA6B40781}.Debug|Any CPU.ActiveCfg = Debug|Any CPU
		{AB0F9A9C-8CD2-4CD9-BAAC-221FA6B40781}.Debug|Any CPU.Build.0 = Debug|Any CPU
		{AB0F9A9C-8CD2-4CD9-BAAC-221FA6B40781}.Release|Any CPU.ActiveCfg = Release|Any CPU
		{AB0F9A9C-8CD2-4CD9-BAAC-221FA6B40781}.Release|Any CPU.Build.0 = Release|Any CPU
		{E78DA10A-D2EF-4944-BB25-25527B783CD4}.Debug|Any CPU.ActiveCfg = Debug|Any CPU
		{E78DA10A-D2EF-4944-BB25-25527B783CD4}.Debug|Any CPU.Build.0 = Debug|Any CPU
		{E78DA10A-D2EF-4944-BB25-25527B783CD4}.Release|Any CPU.ActiveCfg = Release|Any CPU
		{E78DA10A-D2EF-4944-BB25-25527B783CD4}.Release|Any CPU.Build.0 = Release|Any CPU
	EndGlobalSection
	GlobalSection(SolutionProperties) = preSolution
		HideSolutionNode = FALSE
	EndGlobalSection
EndGlobal
